<?xml version="1.0" encoding="utf-8"?>
<Project ToolsVersion="4.0" xmlns="http://schemas.microsoft.com/developer/msbuild/2003">
  <ItemGroup>
    <Filter Include="win32">
      <UniqueIdentifier>{84a8ebd7-7cf0-47f6-b75e-d441df67da40}</UniqueIdentifier>
    </Filter>
    <Filter Include="resource">
      <UniqueIdentifier>{715254bc-d70b-4ec5-bf29-467dd3ace079}</UniqueIdentifier>
    </Filter>
    <Filter Include="src">
      <UniqueIdentifier>{bb6c862e-70e9-49d9-81b7-3829a6f50471}</UniqueIdentifier>
    </Filter>
    <Filter Include="src\SceneManager">
      <UniqueIdentifier>{a046e002-39cd-4207-8379-6195ebb91309}</UniqueIdentifier>
    </Filter>
    <Filter Include="src\Scene">
      <UniqueIdentifier>{9315c60f-2cb0-458f-8656-d869d72648ce}</UniqueIdentifier>
    </Filter>
    <Filter Include="src\Ball">
      <UniqueIdentifier>{dd145e47-7408-4efd-8263-f49189eda007}</UniqueIdentifier>
    </Filter>
    <Filter Include="src\Shader">
      <UniqueIdentifier>{e7a39443-0b4d-409e-8182-fc522ccd7c76}</UniqueIdentifier>
    </Filter>
    <Filter Include="src\ResMgr">
      <UniqueIdentifier>{e8d67495-c9af-4af7-8c34-547ba911a4ba}</UniqueIdentifier>
    </Filter>
  </ItemGroup>
  <ItemGroup>
    <ClCompile Include="main.cpp">
      <Filter>win32</Filter>
    </ClCompile>
    <ClCompile Include="..\Classes\AppDelegate.cpp">
      <Filter>src</Filter>
    </ClCompile>
    <ClCompile Include="..\Classes\HelloWorldScene.cpp">
      <Filter>src</Filter>
    </ClCompile>
    <ClCompile Include="..\Classes\SceneManager\SceneManager.cpp">
      <Filter>src\SceneManager</Filter>
    </ClCompile>
    <ClCompile Include="..\Classes\Scene\Scene1.cpp">
      <Filter>src\Scene</Filter>
    </ClCompile>
    <ClCompile Include="..\Classes\Scene\Scene2.cpp">
      <Filter>src\Scene</Filter>
    </ClCompile>
    <ClCompile Include="..\Classes\Scene\MainMenu.cpp">
      <Filter>src\Scene</Filter>
    </ClCompile>
    <ClCompile Include="..\Classes\Shader\ShaderNode.cpp">
      <Filter>src\Shader</Filter>
    </ClCompile>
    <ClCompile Include="..\Classes\Shader\SpriteBlur.cpp">
      <Filter>src\Shader</Filter>
    </ClCompile>
    <ClCompile Include="..\Classes\ResMgr\ResMgr.cpp">
      <Filter>src\ResMgr</Filter>
    </ClCompile>
  </ItemGroup>
  <ItemGroup>
    <ClInclude Include="main.h">
      <Filter>win32</Filter>
    </ClInclude>
    <ClInclude Include="..\Classes\AppDelegate.h">
      <Filter>src</Filter>
    </ClInclude>
    <ClInclude Include="..\Classes\HelloWorldScene.h">
      <Filter>src</Filter>
    </ClInclude>
    <ClInclude Include="..\Classes\SceneManager\SceneManager.h">
      <Filter>src\SceneManager</Filter>
    </ClInclude>
    <ClInclude Include="..\Classes\Scene\Scene1.h">
      <Filter>src\Scene</Filter>
    </ClInclude>
    <ClInclude Include="..\Classes\Scene\Scene2.h">
      <Filter>src\Scene</Filter>
    </ClInclude>
    <ClInclude Include="..\Classes\MyResource.h">
      <Filter>src</Filter>
    </ClInclude>
    <ClInclude Include="..\Classes\Scene\MainMenu.h">
      <Filter>src\Scene</Filter>
    </ClInclude>
    <ClInclude Include="..\Classes\Shader\ShaderNode.h">
      <Filter>src\Shader</Filter>
    </ClInclude>
    <ClInclude Include="..\Classes\Shader\SpriteBlur.h">
      <Filter>src\Shader</Filter>
    </ClInclude>
    <ClInclude Include="..\Classes\MyGameDef.h">
      <Filter>src</Filter>
    </ClInclude>
    <ClInclude Include="..\Classes\ResMgr\ResMgr.h">
      <Filter>src\ResMgr</Filter>
    </ClInclude>
  </ItemGroup>
  <ItemGroup>
    <ResourceCompile Include="game.rc">
      <Filter>resource</Filter>
    </ResourceCompile>
  </ItemGroup>
</Project>